// !$*UTF8*$!
{
	archiveVersion = 1;
	classes = {
	};
	objectVersion = 56;
	objects = {

/* Begin PBXBuildFile section */
		4A8557172ADF07D800A8D94E /* FButton.swift in Sources */ = {isa = PBXBuildFile; fileRef = 4A8557162ADF07D800A8D94E /* FButton.swift */; };
		4A8557192ADF0CA100A8D94E /* FrameworkGridViewModel.swift in Sources */ = {isa = PBXBuildFile; fileRef = 4A8557182ADF0CA100A8D94E /* FrameworkGridViewModel.swift */; };
		4AFA30962ADD0DF400E6E8C4 /* FrameworksAppApp.swift in Sources */ = {isa = PBXBuildFile; fileRef = 4AFA30952ADD0DF400E6E8C4 /* FrameworksAppApp.swift */; };
		4AFA30982ADD0DF400E6E8C4 /* FrameworkGridView.swift in Sources */ = {isa = PBXBuildFile; fileRef = 4AFA30972ADD0DF400E6E8C4 /* FrameworkGridView.swift */; };
		4AFA309A2ADD0DF600E6E8C4 /* Assets.xcassets in Resources */ = {isa = PBXBuildFile; fileRef = 4AFA30992ADD0DF600E6E8C4 /* Assets.xcassets */; };
		4AFA309D2ADD0DF600E6E8C4 /* Preview Assets.xcassets in Resources */ = {isa = PBXBuildFile; fileRef = 4AFA309C2ADD0DF600E6E8C4 /* Preview Assets.xcassets */; };
		4AFA30B32ADD0E1F00E6E8C4 /* spritekit.png in Resources */ = {isa = PBXBuildFile; fileRef = 4AFA30A32ADD0E1F00E6E8C4 /* spritekit.png */; };
		4AFA30B42ADD0E1F00E6E8C4 /* coreml.png in Resources */ = {isa = PBXBuildFile; fileRef = 4AFA30A42ADD0E1F00E6E8C4 /* coreml.png */; };
		4AFA30B52ADD0E1F00E6E8C4 /* wallet.png in Resources */ = {isa = PBXBuildFile; fileRef = 4AFA30A52ADD0E1F00E6E8C4 /* wallet.png */; };
		4AFA30B62ADD0E1F00E6E8C4 /* app-clip.png in Resources */ = {isa = PBXBuildFile; fileRef = 4AFA30A62ADD0E1F00E6E8C4 /* app-clip.png */; };
		4AFA30B72ADD0E1F00E6E8C4 /* widgetkit.png in Resources */ = {isa = PBXBuildFile; fileRef = 4AFA30A72ADD0E1F00E6E8C4 /* widgetkit.png */; };
		4AFA30B82ADD0E1F00E6E8C4 /* classkit.png in Resources */ = {isa = PBXBuildFile; fileRef = 4AFA30A82ADD0E1F00E6E8C4 /* classkit.png */; };
		4AFA30B92ADD0E1F00E6E8C4 /* catalyst.png in Resources */ = {isa = PBXBuildFile; fileRef = 4AFA30A92ADD0E1F00E6E8C4 /* catalyst.png */; };
		4AFA30BA2ADD0E1F00E6E8C4 /* sf-symbols.png in Resources */ = {isa = PBXBuildFile; fileRef = 4AFA30AA2ADD0E1F00E6E8C4 /* sf-symbols.png */; };
		4AFA30BB2ADD0E1F00E6E8C4 /* sirikit.png in Resources */ = {isa = PBXBuildFile; fileRef = 4AFA30AB2ADD0E1F00E6E8C4 /* sirikit.png */; };
		4AFA30BC2ADD0E1F00E6E8C4 /* arkit.png in Resources */ = {isa = PBXBuildFile; fileRef = 4AFA30AC2ADD0E1F00E6E8C4 /* arkit.png */; };
		4AFA30BD2ADD0E1F00E6E8C4 /* swiftui.png in Resources */ = {isa = PBXBuildFile; fileRef = 4AFA30AD2ADD0E1F00E6E8C4 /* swiftui.png */; };
		4AFA30BE2ADD0E1F00E6E8C4 /* carplay.png in Resources */ = {isa = PBXBuildFile; fileRef = 4AFA30AE2ADD0E1F00E6E8C4 /* carplay.png */; };
		4AFA30BF2ADD0E1F00E6E8C4 /* test-flight.png in Resources */ = {isa = PBXBuildFile; fileRef = 4AFA30AF2ADD0E1F00E6E8C4 /* test-flight.png */; };
		4AFA30C02ADD0E1F00E6E8C4 /* metal.png in Resources */ = {isa = PBXBuildFile; fileRef = 4AFA30B02ADD0E1F00E6E8C4 /* metal.png */; };
		4AFA30C12ADD0E1F00E6E8C4 /* healthkit.png in Resources */ = {isa = PBXBuildFile; fileRef = 4AFA30B12ADD0E1F00E6E8C4 /* healthkit.png */; };
		4AFA30C22ADD0E1F00E6E8C4 /* cloudkit.png in Resources */ = {isa = PBXBuildFile; fileRef = 4AFA30B22ADD0E1F00E6E8C4 /* cloudkit.png */; };
		4AFA30C42ADD0EB700E6E8C4 /* Framework.swift in Sources */ = {isa = PBXBuildFile; fileRef = 4AFA30C32ADD0EB700E6E8C4 /* Framework.swift */; };
		4AFA30C62ADDA49E00E6E8C4 /* DiscriptionView.swift in Sources */ = {isa = PBXBuildFile; fileRef = 4AFA30C52ADDA49E00E6E8C4 /* DiscriptionView.swift */; };
/* End PBXBuildFile section */

/* Begin PBXFileReference section */
		4A8557162ADF07D800A8D94E /* FButton.swift */ = {isa = PBXFileReference; lastKnownFileType = sourcecode.swift; path = FButton.swift; sourceTree = "<group>"; };
		4A8557182ADF0CA100A8D94E /* FrameworkGridViewModel.swift */ = {isa = PBXFileReference; lastKnownFileType = sourcecode.swift; path = FrameworkGridViewModel.swift; sourceTree = "<group>"; };
		4AFA30922ADD0DF400E6E8C4 /* FrameworksApp.app */ = {isa = PBXFileReference; explicitFileType = wrapper.application; includeInIndex = 0; path = FrameworksApp.app; sourceTree = BUILT_PRODUCTS_DIR; };
		4AFA30952ADD0DF400E6E8C4 /* FrameworksAppApp.swift */ = {isa = PBXFileReference; lastKnownFileType = sourcecode.swift; path = FrameworksAppApp.swift; sourceTree = "<group>"; };
		4AFA30972ADD0DF400E6E8C4 /* FrameworkGridView.swift */ = {isa = PBXFileReference; lastKnownFileType = sourcecode.swift; path = FrameworkGridView.swift; sourceTree = "<group>"; };
		4AFA30992ADD0DF600E6E8C4 /* Assets.xcassets */ = {isa = PBXFileReference; lastKnownFileType = folder.assetcatalog; path = Assets.xcassets; sourceTree = "<group>"; };
		4AFA309C2ADD0DF600E6E8C4 /* Preview Assets.xcassets */ = {isa = PBXFileReference; lastKnownFileType = folder.assetcatalog; path = "Preview Assets.xcassets"; sourceTree = "<group>"; };
		4AFA30A32ADD0E1F00E6E8C4 /* spritekit.png */ = {isa = PBXFileReference; lastKnownFileType = image.png; path = spritekit.png; sourceTree = "<group>"; };
		4AFA30A42ADD0E1F00E6E8C4 /* coreml.png */ = {isa = PBXFileReference; lastKnownFileType = image.png; path = coreml.png; sourceTree = "<group>"; };
		4AFA30A52ADD0E1F00E6E8C4 /* wallet.png */ = {isa = PBXFileReference; lastKnownFileType = image.png; path = wallet.png; sourceTree = "<group>"; };
		4AFA30A62ADD0E1F00E6E8C4 /* app-clip.png */ = {isa = PBXFileReference; lastKnownFileType = image.png; path = "app-clip.png"; sourceTree = "<group>"; };
		4AFA30A72ADD0E1F00E6E8C4 /* widgetkit.png */ = {isa = PBXFileReference; lastKnownFileType = image.png; path = widgetkit.png; sourceTree = "<group>"; };
		4AFA30A82ADD0E1F00E6E8C4 /* classkit.png */ = {isa = PBXFileReference; lastKnownFileType = image.png; path = classkit.png; sourceTree = "<group>"; };
		4AFA30A92ADD0E1F00E6E8C4 /* catalyst.png */ = {isa = PBXFileReference; lastKnownFileType = image.png; path = catalyst.png; sourceTree = "<group>"; };
		4AFA30AA2ADD0E1F00E6E8C4 /* sf-symbols.png */ = {isa = PBXFileReference; lastKnownFileType = image.png; path = "sf-symbols.png"; sourceTree = "<group>"; };
		4AFA30AB2ADD0E1F00E6E8C4 /* sirikit.png */ = {isa = PBXFileReference; lastKnownFileType = image.png; path = sirikit.png; sourceTree = "<group>"; };
		4AFA30AC2ADD0E1F00E6E8C4 /* arkit.png */ = {isa = PBXFileReference; lastKnownFileType = image.png; path = arkit.png; sourceTree = "<group>"; };
		4AFA30AD2ADD0E1F00E6E8C4 /* swiftui.png */ = {isa = PBXFileReference; lastKnownFileType = image.png; path = swiftui.png; sourceTree = "<group>"; };
		4AFA30AE2ADD0E1F00E6E8C4 /* carplay.png */ = {isa = PBXFileReference; lastKnownFileType = image.png; path = carplay.png; sourceTree = "<group>"; };
		4AFA30AF2ADD0E1F00E6E8C4 /* test-flight.png */ = {isa = PBXFileReference; lastKnownFileType = image.png; path = "test-flight.png"; sourceTree = "<group>"; };
		4AFA30B02ADD0E1F00E6E8C4 /* metal.png */ = {isa = PBXFileReference; lastKnownFileType = image.png; path = metal.png; sourceTree = "<group>"; };
		4AFA30B12ADD0E1F00E6E8C4 /* healthkit.png */ = {isa = PBXFileReference; lastKnownFileType = image.png; path = healthkit.png; sourceTree = "<group>"; };
		4AFA30B22ADD0E1F00E6E8C4 /* cloudkit.png */ = {isa = PBXFileReference; lastKnownFileType = image.png; path = cloudkit.png; sourceTree = "<group>"; };
		4AFA30C32ADD0EB700E6E8C4 /* Framework.swift */ = {isa = PBXFileReference; lastKnownFileType = sourcecode.swift; path = Framework.swift; sourceTree = "<group>"; };
		4AFA30C52ADDA49E00E6E8C4 /* DiscriptionView.swift */ = {isa = PBXFileReference; lastKnownFileType = sourcecode.swift; path = DiscriptionView.swift; sourceTree = "<group>"; };
/* End PBXFileReference section */

/* Begin PBXFrameworksBuildPhase section */
		4AFA308F2ADD0DF400E6E8C4 /* Frameworks */ = {
			isa = PBXFrameworksBuildPhase;
			buildActionMask = 2147483647;
			files = (
			);
			runOnlyForDeploymentPostprocessing = 0;
		};
/* End PBXFrameworksBuildPhase section */

/* Begin PBXGroup section */
		4AFA30892ADD0DF400E6E8C4 = {
			isa = PBXGroup;
			children = (
				4AFA30942ADD0DF400E6E8C4 /* FrameworksApp */,
				4AFA30932ADD0DF400E6E8C4 /* Products */,
			);
			sourceTree = "<group>";
		};
		4AFA30932ADD0DF400E6E8C4 /* Products */ = {
			isa = PBXGroup;
			children = (
				4AFA30922ADD0DF400E6E8C4 /* FrameworksApp.app */,
			);
			name = Products;
			sourceTree = "<group>";
		};
		4AFA30942ADD0DF400E6E8C4 /* FrameworksApp */ = {
			isa = PBXGroup;
			children = (
				4AFA30952ADD0DF400E6E8C4 /* FrameworksAppApp.swift */,
				4AFA30C32ADD0EB700E6E8C4 /* Framework.swift */,
				4A8557182ADF0CA100A8D94E /* FrameworkGridViewModel.swift */,
				4AFA30972ADD0DF400E6E8C4 /* FrameworkGridView.swift */,
				4AFA30C52ADDA49E00E6E8C4 /* DiscriptionView.swift */,
				4A8557162ADF07D800A8D94E /* FButton.swift */,
				4AFA30992ADD0DF600E6E8C4 /* Assets.xcassets */,
				4AFA309B2ADD0DF600E6E8C4 /* Preview Content */,
			);
			path = FrameworksApp;
			sourceTree = "<group>";
		};
		4AFA309B2ADD0DF600E6E8C4 /* Preview Content */ = {
			isa = PBXGroup;
			children = (
				4AFA30A62ADD0E1F00E6E8C4 /* app-clip.png */,
				4AFA30AC2ADD0E1F00E6E8C4 /* arkit.png */,
				4AFA30AE2ADD0E1F00E6E8C4 /* carplay.png */,
				4AFA30A92ADD0E1F00E6E8C4 /* catalyst.png */,
				4AFA30A82ADD0E1F00E6E8C4 /* classkit.png */,
				4AFA30B22ADD0E1F00E6E8C4 /* cloudkit.png */,
				4AFA30A42ADD0E1F00E6E8C4 /* coreml.png */,
				4AFA30B12ADD0E1F00E6E8C4 /* healthkit.png */,
				4AFA30B02ADD0E1F00E6E8C4 /* metal.png */,
				4AFA30AA2ADD0E1F00E6E8C4 /* sf-symbols.png */,
				4AFA30AB2ADD0E1F00E6E8C4 /* sirikit.png */,
				4AFA30A32ADD0E1F00E6E8C4 /* spritekit.png */,
				4AFA30AD2ADD0E1F00E6E8C4 /* swiftui.png */,
				4AFA30AF2ADD0E1F00E6E8C4 /* test-flight.png */,
				4AFA30A52ADD0E1F00E6E8C4 /* wallet.png */,
				4AFA30A72ADD0E1F00E6E8C4 /* widgetkit.png */,
				4AFA309C2ADD0DF600E6E8C4 /* Preview Assets.xcassets */,
			);
			path = "Preview Content";
			sourceTree = "<group>";
		};
/* End PBXGroup section */

/* Begin PBXNativeTarget section */
		4AFA30912ADD0DF400E6E8C4 /* FrameworksApp */ = {
			isa = PBXNativeTarget;
			buildConfigurationList = 4AFA30A02ADD0DF600E6E8C4 /* Build configuration list for PBXNativeTarget "FrameworksApp" */;
			buildPhases = (
				4AFA308E2ADD0DF400E6E8C4 /* Sources */,
				4AFA308F2ADD0DF400E6E8C4 /* Frameworks */,
				4AFA30902ADD0DF400E6E8C4 /* Resources */,
			);
			buildRules = (
			);
			dependencies = (
			);
			name = FrameworksApp;
			productName = FrameworksApp;
			productReference = 4AFA30922ADD0DF400E6E8C4 /* FrameworksApp.app */;
			productType = "com.apple.product-type.application";
		};
/* End PBXNativeTarget section */

/* Begin PBXProject section */
		4AFA308A2ADD0DF400E6E8C4 /* Project object */ = {
			isa = PBXProject;
			attributes = {
				BuildIndependentTargetsInParallel = 1;
				LastSwiftUpdateCheck = 1500;
				LastUpgradeCheck = 1500;
				TargetAttributes = {
					4AFA30912ADD0DF400E6E8C4 = {
						CreatedOnToolsVersion = 15.0;
					};
				};
			};
			buildConfigurationList = 4AFA308D2ADD0DF400E6E8C4 /* Build configuration list for PBXProject "FrameworksApp" */;
			compatibilityVersion = "Xcode 14.0";
			developmentRegion = en;
			hasScannedForEncodings = 0;
			knownRegions = (
				en,
				Base,
			);
			mainGroup = 4AFA30892ADD0DF400E6E8C4;
			productRefGroup = 4AFA30932ADD0DF400E6E8C4 /* Products */;
			projectDirPath = "";
			projectRoot = "";
			targets = (
				4AFA30912ADD0DF400E6E8C4 /* FrameworksApp */,
			);
		};
/* End PBXProject section */

/* Begin PBXResourcesBuildPhase section */
		4AFA30902ADD0DF400E6E8C4 /* Resources */ = {
			isa = PBXResourcesBuildPhase;
			buildActionMask = 2147483647;
			files = (
				4AFA30BE2ADD0E1F00E6E8C4 /* carplay.png in Resources */,
				4AFA309D2ADD0DF600E6E8C4 /* Preview Assets.xcassets in Resources */,
				4AFA30BF2ADD0E1F00E6E8C4 /* test-flight.png in Resources */,
				4AFA30C12ADD0E1F00E6E8C4 /* healthkit.png in Resources */,
				4AFA30C22ADD0E1F00E6E8C4 /* cloudkit.png in Resources */,
				4AFA30B72ADD0E1F00E6E8C4 /* widgetkit.png in Resources */,
				4AFA30B62ADD0E1F00E6E8C4 /* app-clip.png in Resources */,
				4AFA30B32ADD0E1F00E6E8C4 /* spritekit.png in Resources */,
				4AFA30BB2ADD0E1F00E6E8C4 /* sirikit.png in Resources */,
				4AFA30BD2ADD0E1F00E6E8C4 /* swiftui.png in Resources */,
				4AFA309A2ADD0DF600E6E8C4 /* Assets.xcassets in Resources */,
				4AFA30B82ADD0E1F00E6E8C4 /* classkit.png in Resources */,
				4AFA30BC2ADD0E1F00E6E8C4 /* arkit.png in Resources */,
				4AFA30BA2ADD0E1F00E6E8C4 /* sf-symbols.png in Resources */,
				4AFA30B52ADD0E1F00E6E8C4 /* wallet.png in Resources */,
				4AFA30B92ADD0E1F00E6E8C4 /* catalyst.png in Resources */,
				4AFA30B42ADD0E1F00E6E8C4 /* coreml.png in Resources */,
				4AFA30C02ADD0E1F00E6E8C4 /* metal.png in Resources */,
			);
			runOnlyForDeploymentPostprocessing = 0;
		};
/* End PBXResourcesBuildPhase section */

/* Begin PBXSourcesBuildPhase section */
		4AFA308E2ADD0DF400E6E8C4 /* Sources */ = {
			isa = PBXSourcesBuildPhase;
			buildActionMask = 2147483647;
			files = (
				4AFA30982ADD0DF400E6E8C4 /* FrameworkGridView.swift in Sources */,
				4AFA30C42ADD0EB700E6E8C4 /* Framework.swift in Sources */,
				4A8557192ADF0CA100A8D94E /* FrameworkGridViewModel.swift in Sources */,
				4A8557172ADF07D800A8D94E /* FButton.swift in Sources */,
				4AFA30962ADD0DF400E6E8C4 /* FrameworksAppApp.swift in Sources */,
				4AFA30C62ADDA49E00E6E8C4 /* DiscriptionView.swift in Sources */,
			);
			runOnlyForDeploymentPostprocessing = 0;
		};
/* End PBXSourcesBuildPhase section */

/* Begin XCBuildConfiguration section */
		4AFA309E2ADD0DF600E6E8C4 /* Debug */ = {
			isa = XCBuildConfiguration;
			buildSettings = {
				ALWAYS_SEARCH_USER_PATHS = NO;
				ASSETCATALOG_COMPILER_GENERATE_SWIFT_ASSET_SYMBOL_EXTENSIONS = YES;
				CLANG_ANALYZER_NONNULL = YES;
				CLANG_ANALYZER_NUMBER_OBJECT_CONVERSION = YES_AGGRESSIVE;
				CLANG_CXX_LANGUAGE_STANDARD = "gnu++20";
				CLANG_ENABLE_MODULES = YES;
				CLANG_ENABLE_OBJC_ARC = YES;
				CLANG_ENABLE_OBJC_WEAK = YES;
				CLANG_WARN_BLOCK_CAPTURE_AUTORELEASING = YES;
				CLANG_WARN_BOOL_CONVERSION = YES;
				CLANG_WARN_COMMA = YES;
				CLANG_WARN_CONSTANT_CONVERSION = YES;
				CLANG_WARN_DEPRECATED_OBJC_IMPLEMENTATIONS = YES;
				CLANG_WARN_DIRECT_OBJC_ISA_USAGE = YES_ERROR;
				CLANG_WARN_DOCUMENTATION_COMMENTS = YES;
				CLANG_WARN_EMPTY_BODY = YES;
				CLANG_WARN_ENUM_CONVERSION = YES;
				CLANG_WARN_INFINITE_RECURSION = YES;
				CLANG_WARN_INT_CONVERSION = YES;
				CLANG_WARN_NON_LITERAL_NULL_CONVERSION = YES;
				CLANG_WARN_OBJC_IMPLICIT_RETAIN_SELF = YES;
				CLANG_WARN_OBJC_LITERAL_CONVERSION = YES;
				CLANG_WARN_OBJC_ROOT_CLASS = YES_ERROR;
				CLANG_WARN_QUOTED_INCLUDE_IN_FRAMEWORK_HEADER = YES;
				CLANG_WARN_RANGE_LOOP_ANALYSIS = YES;
				CLANG_WARN_STRICT_PROTOTYPES = YES;
				CLANG_WARN_SUSPICIOUS_MOVE = YES;
				CLANG_WARN_UNGUARDED_AVAILABILITY = YES_AGGRESSIVE;
				CLANG_WARN_UNREACHABLE_CODE = YES;
				CLANG_WARN__DUPLICATE_METHOD_MATCH = YES;
				COPY_PHASE_STRIP = NO;
				DEBUG_INFORMATION_FORMAT = dwarf;
				ENABLE_STRICT_OBJC_MSGSEND = YES;
				ENABLE_TESTABILITY = YES;
				ENABLE_USER_SCRIPT_SANDBOXING = YES;
				GCC_C_LANGUAGE_STANDARD = gnu17;
				GCC_DYNAMIC_NO_PIC = NO;
				GCC_NO_COMMON_BLOCKS = YES;
				GCC_OPTIMIZATION_LEVEL = 0;
				GCC_PREPROCESSOR_DEFINITIONS = (
					"DEBUG=1",
					"$(inherited)",
				);
				GCC_WARN_64_TO_32_BIT_CONVERSION = YES;
				GCC_WARN_ABOUT_RETURN_TYPE = YES_ERROR;
				GCC_WARN_UNDECLARED_SELECTOR = YES;
				GCC_WARN_UNINITIALIZED_AUTOS = YES_AGGRESSIVE;
				GCC_WARN_UNUSED_FUNCTION = YES;
				GCC_WARN_UNUSED_VARIABLE = YES;
				IPHONEOS_DEPLOYMENT_TARGET = 17.0;
				LOCALIZATION_PREFERS_STRING_CATALOGS = YES;
				MTL_ENABLE_DEBUG_INFO = INCLUDE_SOURCE;
				MTL_FAST_MATH = YES;
				ONLY_ACTIVE_ARCH = YES;
				SDKROOT = iphoneos;
				SWIFT_ACTIVE_COMPILATION_CONDITIONS = "DEBUG $(inherited)";
				SWIFT_OPTIMIZATION_LEVEL = "-Onone";
			};
			name = Debug;
		};
		4AFA309F2ADD0DF600E6E8C4 /* Release */ = {
			isa = XCBuildConfiguration;
			buildSettings = {
				ALWAYS_SEARCH_USER_PATHS = NO;
				ASSETCATALOG_COMPILER_GENERATE_SWIFT_ASSET_SYMBOL_EXTENSIONS = YES;
				CLANG_ANALYZER_NONNULL = YES;
				CLANG_ANALYZER_NUMBER_OBJECT_CONVERSION = YES_AGGRESSIVE;
				CLANG_CXX_LANGUAGE_STANDARD = "gnu++20";
				CLANG_ENABLE_MODULES = YES;
				CLANG_ENABLE_OBJC_ARC = YES;
				CLANG_ENABLE_OBJC_WEAK = YES;
				CLANG_WARN_BLOCK_CAPTURE_AUTORELEASING = YES;
				CLANG_WARN_BOOL_CONVERSION = YES;
				CLANG_WARN_COMMA = YES;
				CLANG_WARN_CONSTANT_CONVERSION = YES;
				CLANG_WARN_DEPRECATED_OBJC_IMPLEMENTATIONS = YES;
				CLANG_WARN_DIRECT_OBJC_ISA_USAGE = YES_ERROR;
				CLANG_WARN_DOCUMENTATION_COMMENTS = YES;
				CLANG_WARN_EMPTY_BODY = YES;
				CLANG_WARN_ENUM_CONVERSION = YES;
				CLANG_WARN_INFINITE_RECURSION = YES;
				CLANG_WARN_INT_CONVERSION = YES;
				CLANG_WARN_NON_LITERAL_NULL_CONVERSION = YES;
				CLANG_WARN_OBJC_IMPLICIT_RETAIN_SELF = YES;
				CLANG_WARN_OBJC_LITERAL_CONVERSION = YES;
				CLANG_WARN_OBJC_ROOT_CLASS = YES_ERROR;
				CLANG_WARN_QUOTED_INCLUDE_IN_FRAMEWORK_HEADER = YES;
				CLANG_WARN_RANGE_LOOP_ANALYSIS = YES;
				CLANG_WARN_STRICT_PROTOTYPES = YES;
				CLANG_WARN_SUSPICIOUS_MOVE = YES;
				CLANG_WARN_UNGUARDED_AVAILABILITY = YES_AGGRESSIVE;
				CLANG_WARN_UNREACHABLE_CODE = YES;
				CLANG_WARN__DUPLICATE_METHOD_MATCH = YES;
				COPY_PHASE_STRIP = NO;
				DEBUG_INFORMATION_FORMAT = "dwarf-with-dsym";
				ENABLE_NS_ASSERTIONS = NO;
				ENABLE_STRICT_OBJC_MSGSEND = YES;
				ENABLE_USER_SCRIPT_SANDBOXING = YES;
				GCC_C_LANGUAGE_STANDARD = gnu17;
				GCC_NO_COMMON_BLOCKS = YES;
				GCC_WARN_64_TO_32_BIT_CONVERSION = YES;
				GCC_WARN_ABOUT_RETURN_TYPE = YES_ERROR;
				GCC_WARN_UNDECLARED_SELECTOR = YES;
				GCC_WARN_UNINITIALIZED_AUTOS = YES_AGGRESSIVE;
				GCC_WARN_UNUSED_FUNCTION = YES;
				GCC_WARN_UNUSED_VARIABLE = YES;
				IPHONEOS_DEPLOYMENT_TARGET = 17.0;
				LOCALIZATION_PREFERS_STRING_CATALOGS = YES;
				MTL_ENABLE_DEBUG_INFO = NO;
				MTL_FAST_MATH = YES;
				SDKROOT = iphoneos;
				SWIFT_COMPILATION_MODE = wholemodule;
				VALIDATE_PRODUCT = YES;
			};
			name = Release;
		};
		4AFA30A12ADD0DF600E6E8C4 /* Debug */ = {
			isa = XCBuildConfiguration;
			buildSettings = {
				ASSETCATALOG_COMPILER_APPICON_NAME = AppIcon;
				ASSETCATALOG_COMPILER_GLOBAL_ACCENT_COLOR_NAME = AccentColor;
				CODE_SIGN_STYLE = Automatic;
				CURRENT_PROJECT_VERSION = 1;
				DEVELOPMENT_ASSET_PATHS = "\"FrameworksApp/Preview Content\"";
				DEVELOPMENT_TEAM = 2D872887WZ;
				ENABLE_PREVIEWS = YES;
				GENERATE_INFOPLIST_FILE = YES;
				INFOPLIST_KEY_UIApplicationSceneManifest_Generation = YES;
				INFOPLIST_KEY_UIApplicationSupportsIndirectInputEvents = YES;
				INFOPLIST_KEY_UILaunchScreen_Generation = YES;
				INFOPLIST_KEY_UISupportedInterfaceOrientations_iPad = "UIInterfaceOrientationPortrait UIInterfaceOrientationPortraitUpsideDown UIInterfaceOrientationLandscapeLeft UIInterfaceOrientationLandscapeRight";
				INFOPLIST_KEY_UISupportedInterfaceOrientations_iPhone = "UIInterfaceOrientationPortrait UIInterfaceOrientationLandscapeLeft UIInterfaceOrientationLandscapeRight";
				LD_RUNPATH_SEARCH_PATHS = (
					"$(inherited)",
					"@executable_path/Frameworks",
				);
				MARKETING_VERSION = 1.0;
				PRODUCT_BUNDLE_IDENTIFIER = Vadim.Archer.FrameworksApp;
				PRODUCT_NAME = "$(TARGET_NAME)";
				SWIFT_EMIT_LOC_STRINGS = YES;
				SWIFT_VERSION = 5.0;
				TARGETED_DEVICE_FAMILY = "1,2";
			};
			name = Debug;
		};
		4AFA30A22ADD0DF600E6E8C4 /* Release */ = {
			isa = XCBuildConfiguration;
			buildSettings = {
				ASSETCATALOG_COMPILER_APPICON_NAME = AppIcon;
				ASSETCATALOG_COMPILER_GLOBAL_ACCENT_COLOR_NAME = AccentColor;
				CODE_SIGN_STYLE = Automatic;
				CURRENT_PROJECT_VERSION = 1;
				DEVELOPMENT_ASSET_PATHS = "\"FrameworksApp/Preview Content\"";
				DEVELOPMENT_TEAM = 2D872887WZ;
				ENABLE_PREVIEWS = YES;
				GENERATE_INFOPLIST_FILE = YES;
				INFOPLIST_KEY_UIApplicationSceneManifest_Generation = YES;
				INFOPLIST_KEY_UIApplicationSupportsIndirectInputEvents = YES;
				INFOPLIST_KEY_UILaunchScreen_Generation = YES;
				INFOPLIST_KEY_UISupportedInterfaceOrientations_iPad = "UIInterfaceOrientationPortrait UIInterfaceOrientationPortraitUpsideDown UIInterfaceOrientationLandscapeLeft UIInterfaceOrientationLandscapeRight";
				INFOPLIST_KEY_UISupportedInterfaceOrientations_iPhone = "UIInterfaceOrientationPortrait UIInterfaceOrientationLandscapeLeft UIInterfaceOrientationLandscapeRight";
				LD_RUNPATH_SEARCH_PATHS = (
					"$(inherited)",
					"@executable_path/Frameworks",
				);
				MARKETING_VERSION = 1.0;
				PRODUCT_BUNDLE_IDENTIFIER = Vadim.Archer.FrameworksApp;
				PRODUCT_NAME = "$(TARGET_NAME)";
				SWIFT_EMIT_LOC_STRINGS = YES;
				SWIFT_VERSION = 5.0;
				TARGETED_DEVICE_FAMILY = "1,2";
			};
			name = Release;
		};
/* End XCBuildConfiguration section */

/* Begin XCConfigurationList section */
		4AFA308D2ADD0DF400E6E8C4 /* Build configuration list for PBXProject "FrameworksApp" */ = {
			isa = XCConfigurationList;
			buildConfigurations = (
				4AFA309E2ADD0DF600E6E8C4 /* Debug */,
				4AFA309F2ADD0DF600E6E8C4 /* Release */,
			);
			defaultConfigurationIsVisible = 0;
			defaultConfigurationName = Release;
		};
		4AFA30A02ADD0DF600E6E8C4 /* Build configuration list for PBXNativeTarget "FrameworksApp" */ = {
			isa = XCConfigurationList;
			buildConfigurations = (
				4AFA30A12ADD0DF600E6E8C4 /* Debug */,
				4AFA30A22ADD0DF600E6E8C4 /* Release */,
			);
			defaultConfigurationIsVisible = 0;
			defaultConfigurationName = Release;
		};
/* End XCConfigurationList section */
	};
	rootObject = 4AFA308A2ADD0DF400E6E8C4 /* Project object */;
}
